// !$*UTF8*$!
{
	archiveVersion = 1;
	classes = {
	};
	objectVersion = 46;
	objects = {

/* Begin PBXBuildFile section */
		962FA2AC17BF531300141E23 /* JSON.m in Sources */ = {isa = PBXBuildFile; fileRef = 962FA20C17BF531300141E23 /* JSON.m */; settings = {COMPILER_FLAGS = "-fno-objc-arc"; }; };
		962FA2AD17BF531300141E23 /* JSONKit.m in Sources */ = {isa = PBXBuildFile; fileRef = 962FA20E17BF531300141E23 /* JSONKit.m */; settings = {COMPILER_FLAGS = "-fno-objc-arc"; }; };
		A77D832F1703BB090049BFA1 /* UIKit.framework in Frameworks */ = {isa = PBXBuildFile; fileRef = A77D832E1703BB090049BFA1 /* UIKit.framework */; };
		A77D83311703BB090049BFA1 /* Foundation.framework in Frameworks */ = {isa = PBXBuildFile; fileRef = A77D83301703BB090049BFA1 /* Foundation.framework */; };
		A77D83331703BB090049BFA1 /* CoreGraphics.framework in Frameworks */ = {isa = PBXBuildFile; fileRef = A77D83321703BB090049BFA1 /* CoreGraphics.framework */; };
		A77D83391703BB090049BFA1 /* InfoPlist.strings in Resources */ = {isa = PBXBuildFile; fileRef = A77D83371703BB090049BFA1 /* InfoPlist.strings */; };
		A77D833B1703BB090049BFA1 /* main.m in Sources */ = {isa = PBXBuildFile; fileRef = A77D833A1703BB090049BFA1 /* main.m */; };
		A77D833F1703BB090049BFA1 /* AppDelegate.m in Sources */ = {isa = PBXBuildFile; fileRef = A77D833E1703BB090049BFA1 /* AppDelegate.m */; };
		A77D83411703BB090049BFA1 /* Default.png in Resources */ = {isa = PBXBuildFile; fileRef = A77D83401703BB090049BFA1 /* Default.png */; };
		A77D83431703BB090049BFA1 /* Default@2x.png in Resources */ = {isa = PBXBuildFile; fileRef = A77D83421703BB090049BFA1 /* Default@2x.png */; };
		A77D83451703BB090049BFA1 /* Default-568h@2x.png in Resources */ = {isa = PBXBuildFile; fileRef = A77D83441703BB090049BFA1 /* Default-568h@2x.png */; };
		A77D83481703BB090049BFA1 /* ViewController.m in Sources */ = {isa = PBXBuildFile; fileRef = A77D83471703BB090049BFA1 /* ViewController.m */; };
		A77D834B1703BB090049BFA1 /* ViewController.xib in Resources */ = {isa = PBXBuildFile; fileRef = A77D83491703BB090049BFA1 /* ViewController.xib */; };
		A77D84121703BDD80049BFA1 /* CFNetwork.framework in Frameworks */ = {isa = PBXBuildFile; fileRef = A77D840E1703BDD80049BFA1 /* CFNetwork.framework */; };
		A77D84131703BDD80049BFA1 /* CoreFoundation.framework in Frameworks */ = {isa = PBXBuildFile; fileRef = A77D840F1703BDD80049BFA1 /* CoreFoundation.framework */; };
		A77D84141703BDD80049BFA1 /* libz.dylib in Frameworks */ = {isa = PBXBuildFile; fileRef = A77D84101703BDD80049BFA1 /* libz.dylib */; };
		A77D84151703BDD80049BFA1 /* SystemConfiguration.framework in Frameworks */ = {isa = PBXBuildFile; fileRef = A77D84111703BDD80049BFA1 /* SystemConfiguration.framework */; };
		B56A40428980EB15ACECCBE2 /* NSMutableArray+PNAdditions.m in Sources */ = {isa = PBXBuildFile; fileRef = B56A447EFBFC2E84693CE72D /* NSMutableArray+PNAdditions.m */; };
		B56A40598EF7CF22E8D93852 /* PNOperationStatus.m in Sources */ = {isa = PBXBuildFile; fileRef = B56A49CDC4902625DB6CF4F2 /* PNOperationStatus.m */; };
		B56A40B07200793961EA8F3B /* PNError.m in Sources */ = {isa = PBXBuildFile; fileRef = B56A4E2FC6FC96ABBEC0B90C /* PNError.m */; };
		B56A414AEBB7503EE8312EFA /* PNConfiguration.m in Sources */ = {isa = PBXBuildFile; fileRef = B56A4A740480C75DBA56050D /* PNConfiguration.m */; };
		B56A41CFB6919B44074C9A78 /* PNChannelEventsResponseParser.m in Sources */ = {isa = PBXBuildFile; fileRef = B56A4B9F5AD5784197F433C5 /* PNChannelEventsResponseParser.m */; };
		B56A42353AE98A46E8ECE97E /* PNLatencyMeasureRequest.m in Sources */ = {isa = PBXBuildFile; fileRef = B56A45F128235FD4CC6666E7 /* PNLatencyMeasureRequest.m */; };
		B56A428F56830867C223FB58 /* PNRequestsQueue.m in Sources */ = {isa = PBXBuildFile; fileRef = B56A42706BB5949225FB464C /* PNRequestsQueue.m */; };
		B56A43186B2AE48D3ADF44B7 /* PNTimeTokenRequest.m in Sources */ = {isa = PBXBuildFile; fileRef = B56A4515952BADFCB1C4E9D5 /* PNTimeTokenRequest.m */; };
		B56A4359C069D0A5DB7A2476 /* PNHereNow.m in Sources */ = {isa = PBXBuildFile; fileRef = B56A45A99BA6E8E5F4DD0ED7 /* PNHereNow.m */; };
		B56A438088FA3B178770986C /* PNResponseDeserialize.m in Sources */ = {isa = PBXBuildFile; fileRef = B56A4941285DAB198C10644E /* PNResponseDeserialize.m */; };
		B56A43851B25300FF7672EFB /* PNBaseRequest.m in Sources */ = {isa = PBXBuildFile; fileRef = B56A45745BBB250AB005ABE4 /* PNBaseRequest.m */; };
		B56A43B11BC8B19D1A8563B4 /* PNConnectionChannel.m in Sources */ = {isa = PBXBuildFile; fileRef = B56A4612975F43A47CB86F55 /* PNConnectionChannel.m */; };
		B56A4409AFC3D39FD15F8E09 /* PubNub.m in Sources */ = {isa = PBXBuildFile; fileRef = B56A428A43A65E5F1E4206FE /* PubNub.m */; };
		B56A4442B4A9B82043A9E79B /* PNObservationCenter.m in Sources */ = {isa = PBXBuildFile; fileRef = B56A45719FD0610DC669BFD9 /* PNObservationCenter.m */; };
		B56A4465F51968AE67710247 /* NSArray+PNAdditions.m in Sources */ = {isa = PBXBuildFile; fileRef = B56A45B2FE05044F6D52A0E3 /* NSArray+PNAdditions.m */; };
		B56A450062D15CA9032A4D56 /* PNDate.m in Sources */ = {isa = PBXBuildFile; fileRef = B56A4D335EC70EABEB4A8A4D /* PNDate.m */; };
		B56A4546DD9E8E04438A91C7 /* PNCryptoHelper.m in Sources */ = {isa = PBXBuildFile; fileRef = B56A48BBEE9AA6CB84C535A4 /* PNCryptoHelper.m */; };
		B56A45851336D74C060C2AE3 /* PNPushNotificationsStateChangeRequest.m in Sources */ = {isa = PBXBuildFile; fileRef = B56A4E5EBE8110A113B8FBAF /* PNPushNotificationsStateChangeRequest.m */; };
		B56A45869A1A5A2F0BB37DAF /* PNJSONSerialization.m in Sources */ = {isa = PBXBuildFile; fileRef = B56A4F9CC34A35E608D760EB /* PNJSONSerialization.m */; };
		B56A45E974B2AE179B0A4EE2 /* NSData+PNAdditions.m in Sources */ = {isa = PBXBuildFile; fileRef = B56A438B4233502DC34D92E1 /* NSData+PNAdditions.m */; };
		B56A45F38BAB3D9EAA30490D /* PNResponse.m in Sources */ = {isa = PBXBuildFile; fileRef = B56A46EE3AEC4A175CEA464E /* PNResponse.m */; };
		B56A45F9E59027255713B909 /* NSInvocation+PNAdditions.m in Sources */ = {isa = PBXBuildFile; fileRef = B56A4A0E56F1399866DE6B1C /* NSInvocation+PNAdditions.m */; };
		B56A461AFC625943AD3B98C4 /* PNLeaveRequest.m in Sources */ = {isa = PBXBuildFile; fileRef = B56A462558122B9479CE8532 /* PNLeaveRequest.m */; };
		B56A461E7D680060B5CEB629 /* PNPushNotificationsEnabledChannelsParser.m in Sources */ = {isa = PBXBuildFile; fileRef = B56A48E7D42F1E1622000196 /* PNPushNotificationsEnabledChannelsParser.m */; };
		B56A463F5089FB5A8CDE58DF /* NSString+PNAddition.m in Sources */ = {isa = PBXBuildFile; fileRef = B56A4A28130E3CBDADFBFD84 /* NSString+PNAddition.m */; };
		B56A4656DA3A3D96B60B616E /* PNMessagesHistory.m in Sources */ = {isa = PBXBuildFile; fileRef = B56A4F624EA96B92944112D2 /* PNMessagesHistory.m */; };
		B56A4693AB62F9EB865E772C /* PNOperationStatusResponseParser.m in Sources */ = {isa = PBXBuildFile; fileRef = B56A43853A4927792A747D0C /* PNOperationStatusResponseParser.m */; };
		B56A4711E20962B807F3DA33 /* NSDate+PNAdditions.m in Sources */ = {isa = PBXBuildFile; fileRef = B56A455150C8D37FD4DA81E0 /* NSDate+PNAdditions.m */; };
		B56A47290023328930598A52 /* PNHereNowResponseParser.m in Sources */ = {isa = PBXBuildFile; fileRef = B56A45BE32EE49D1FA92F231 /* PNHereNowResponseParser.m */; };
		B56A472CC92273164F4556B5 /* PNResponseParser.m in Sources */ = {isa = PBXBuildFile; fileRef = B56A495B5C1C66FBE2F1E0EB /* PNResponseParser.m */; };
		B56A479A09AA7B51BB867997 /* PNPushNotificationsEnabledChannelsRequest.m in Sources */ = {isa = PBXBuildFile; fileRef = B56A4365BBB541755461AA06 /* PNPushNotificationsEnabledChannelsRequest.m */; };
		B56A47DD576DA47C5AFBCC68 /* PNMessageHistoryRequest.m in Sources */ = {isa = PBXBuildFile; fileRef = B56A4FA7D40A964A9C458D06 /* PNMessageHistoryRequest.m */; };
		B56A489967308B9BD7355E08 /* PNChannelPresence.m in Sources */ = {isa = PBXBuildFile; fileRef = B56A4D4D81F06F8541F5378E /* PNChannelPresence.m */; };
		B56A493ABC99052E3736026A /* PNPresenceEvent.m in Sources */ = {isa = PBXBuildFile; fileRef = B56A4EA15837ABBE646A3E80 /* PNPresenceEvent.m */; };
		B56A49B2C9255F2D835B789F /* PNTimeTokenResponseParser.m in Sources */ = {isa = PBXBuildFile; fileRef = B56A488908E1438CD49CC2B0 /* PNTimeTokenResponseParser.m */; };
		B56A4AAC49B1DD146939E1E5 /* PNServiceChannel.m in Sources */ = {isa = PBXBuildFile; fileRef = B56A4BBDC50B23347123BEDC /* PNServiceChannel.m */; };
		B56A4AB1A56DABE2A64A58C1 /* PNHereNowRequest.m in Sources */ = {isa = PBXBuildFile; fileRef = B56A403BEAE38B665CFD7AF6 /* PNHereNowRequest.m */; };
		B56A4B4809AF876452C528E4 /* PNMessagingChannel.m in Sources */ = {isa = PBXBuildFile; fileRef = B56A48147A983AA4BAA7BEBA /* PNMessagingChannel.m */; };
		B56A4B484EFCC9B6FBDC3CED /* PNConnection.m in Sources */ = {isa = PBXBuildFile; fileRef = B56A47CF23C12DCAEAD280EE /* PNConnection.m */; };
		B56A4B7137CB99F95E83439B /* PNChannel.m in Sources */ = {isa = PBXBuildFile; fileRef = B56A47949D0812BF940D9FAF /* PNChannel.m */; };
		B56A4C17670BE2BBB5F14C34 /* PNActionResponseParser.m in Sources */ = {isa = PBXBuildFile; fileRef = B56A42B58CE5D95FEC84EDCA /* PNActionResponseParser.m */; };
		B56A4C5FFE97D26DBF9F4136 /* PNPushNotificationsRemoveRequest.m in Sources */ = {isa = PBXBuildFile; fileRef = B56A435E6FB9D973BF6ECF8E /* PNPushNotificationsRemoveRequest.m */; };
		B56A4C7357D59FFA5F3E123D /* PNChannelEvents.m in Sources */ = {isa = PBXBuildFile; fileRef = B56A4EEB8A5880FEA2044041 /* PNChannelEvents.m */; };
		B56A4DE6EF7CE1E5CAE31A5B /* PNChannelHistoryParser.m in Sources */ = {isa = PBXBuildFile; fileRef = B56A40A355726EFE72BE57C8 /* PNChannelHistoryParser.m */; };
		B56A4E0E911D73888296588A /* PNErrorResponseParser.m in Sources */ = {isa = PBXBuildFile; fileRef = B56A4D900020720FD85D6792 /* PNErrorResponseParser.m */; };
		B56A4E30AFA8F2A7B986FA21 /* PNReachability.m in Sources */ = {isa = PBXBuildFile; fileRef = B56A42E49C332CE57DAA5152 /* PNReachability.m */; };
		B56A4E59932D25A71B352B62 /* PNMessagePostRequest.m in Sources */ = {isa = PBXBuildFile; fileRef = B56A4AEA3BE8ABA2E5E15CCF /* PNMessagePostRequest.m */; };
		B56A4E763DA441115AAF7611 /* PNSubscribeRequest.m in Sources */ = {isa = PBXBuildFile; fileRef = B56A4C7230C94B5103FB3EE8 /* PNSubscribeRequest.m */; };
		B56A4EE0370742797922A23E /* PNNetworkHelper.m in Sources */ = {isa = PBXBuildFile; fileRef = B56A405F15DB6E2882530BC3 /* PNNetworkHelper.m */; };
		B56A4EEB349FF792860F5104 /* UIApplication+PNAdditions.m in Sources */ = {isa = PBXBuildFile; fileRef = B56A49D348CEE2FB8A0C24F8 /* UIApplication+PNAdditions.m */; };
		B56A4F27324609DBFB8B4DA2 /* PNMessage.m in Sources */ = {isa = PBXBuildFile; fileRef = B56A46381871E645DDEE8B34 /* PNMessage.m */; };
		B56A4F77E4FEDB892414B4BE /* PNWriteBuffer.m in Sources */ = {isa = PBXBuildFile; fileRef = B56A414E78540B4449CB1DEC /* PNWriteBuffer.m */; };
/* End PBXBuildFile section */

/* Begin PBXFileReference section */
		962FA20B17BF531300141E23 /* JSON.h */ = {isa = PBXFileReference; fileEncoding = 4; lastKnownFileType = sourcecode.c.h; path = JSON.h; sourceTree = "<group>"; };
		962FA20C17BF531300141E23 /* JSON.m */ = {isa = PBXFileReference; fileEncoding = 4; lastKnownFileType = sourcecode.c.objc; path = JSON.m; sourceTree = "<group>"; };
		962FA20D17BF531300141E23 /* JSONKit.h */ = {isa = PBXFileReference; fileEncoding = 4; lastKnownFileType = sourcecode.c.h; path = JSONKit.h; sourceTree = "<group>"; };
		962FA20E17BF531300141E23 /* JSONKit.m */ = {isa = PBXFileReference; fileEncoding = 4; lastKnownFileType = sourcecode.c.objc; path = JSONKit.m; sourceTree = "<group>"; };
		A77D832B1703BB090049BFA1 /* SimplePublish.app */ = {isa = PBXFileReference; explicitFileType = wrapper.application; includeInIndex = 0; path = SimplePublish.app; sourceTree = BUILT_PRODUCTS_DIR; };
		A77D832E1703BB090049BFA1 /* UIKit.framework */ = {isa = PBXFileReference; lastKnownFileType = wrapper.framework; name = UIKit.framework; path = System/Library/Frameworks/UIKit.framework; sourceTree = SDKROOT; };
		A77D83301703BB090049BFA1 /* Foundation.framework */ = {isa = PBXFileReference; lastKnownFileType = wrapper.framework; name = Foundation.framework; path = System/Library/Frameworks/Foundation.framework; sourceTree = SDKROOT; };
		A77D83321703BB090049BFA1 /* CoreGraphics.framework */ = {isa = PBXFileReference; lastKnownFileType = wrapper.framework; name = CoreGraphics.framework; path = System/Library/Frameworks/CoreGraphics.framework; sourceTree = SDKROOT; };
		A77D83361703BB090049BFA1 /* SimplePublish-Info.plist */ = {isa = PBXFileReference; lastKnownFileType = text.plist.xml; path = "SimplePublish-Info.plist"; sourceTree = "<group>"; };
		A77D83381703BB090049BFA1 /* en */ = {isa = PBXFileReference; lastKnownFileType = text.plist.strings; name = en; path = en.lproj/InfoPlist.strings; sourceTree = "<group>"; };
		A77D833A1703BB090049BFA1 /* main.m */ = {isa = PBXFileReference; lastKnownFileType = sourcecode.c.objc; path = main.m; sourceTree = "<group>"; };
		A77D833C1703BB090049BFA1 /* SimplePublish-Prefix.pch */ = {isa = PBXFileReference; lastKnownFileType = sourcecode.c.h; path = "SimplePublish-Prefix.pch"; sourceTree = "<group>"; };
		A77D833D1703BB090049BFA1 /* AppDelegate.h */ = {isa = PBXFileReference; lastKnownFileType = sourcecode.c.h; path = AppDelegate.h; sourceTree = "<group>"; };
		A77D833E1703BB090049BFA1 /* AppDelegate.m */ = {isa = PBXFileReference; lastKnownFileType = sourcecode.c.objc; path = AppDelegate.m; sourceTree = "<group>"; };
		A77D83401703BB090049BFA1 /* Default.png */ = {isa = PBXFileReference; lastKnownFileType = image.png; path = Default.png; sourceTree = "<group>"; };
		A77D83421703BB090049BFA1 /* Default@2x.png */ = {isa = PBXFileReference; lastKnownFileType = image.png; path = "Default@2x.png"; sourceTree = "<group>"; };
		A77D83441703BB090049BFA1 /* Default-568h@2x.png */ = {isa = PBXFileReference; lastKnownFileType = image.png; path = "Default-568h@2x.png"; sourceTree = "<group>"; };
		A77D83461703BB090049BFA1 /* ViewController.h */ = {isa = PBXFileReference; lastKnownFileType = sourcecode.c.h; path = ViewController.h; sourceTree = "<group>"; };
		A77D83471703BB090049BFA1 /* ViewController.m */ = {isa = PBXFileReference; lastKnownFileType = sourcecode.c.objc; path = ViewController.m; sourceTree = "<group>"; };
		A77D834A1703BB090049BFA1 /* en */ = {isa = PBXFileReference; lastKnownFileType = file.xib; name = en; path = en.lproj/ViewController.xib; sourceTree = "<group>"; };
		A77D840E1703BDD80049BFA1 /* CFNetwork.framework */ = {isa = PBXFileReference; lastKnownFileType = wrapper.framework; name = CFNetwork.framework; path = System/Library/Frameworks/CFNetwork.framework; sourceTree = SDKROOT; };
		A77D840F1703BDD80049BFA1 /* CoreFoundation.framework */ = {isa = PBXFileReference; lastKnownFileType = wrapper.framework; name = CoreFoundation.framework; path = System/Library/Frameworks/CoreFoundation.framework; sourceTree = SDKROOT; };
		A77D84101703BDD80049BFA1 /* libz.dylib */ = {isa = PBXFileReference; lastKnownFileType = "compiled.mach-o.dylib"; name = libz.dylib; path = usr/lib/libz.dylib; sourceTree = SDKROOT; };
		A77D84111703BDD80049BFA1 /* SystemConfiguration.framework */ = {isa = PBXFileReference; lastKnownFileType = wrapper.framework; name = SystemConfiguration.framework; path = System/Library/Frameworks/SystemConfiguration.framework; sourceTree = SDKROOT; };
		B56A4004B5E12585580C279E /* NSInvocation+PNAdditions.h */ = {isa = PBXFileReference; fileEncoding = 4; lastKnownFileType = sourcecode.c.h; path = "NSInvocation+PNAdditions.h"; sourceTree = "<group>"; };
		B56A400AF57759D526E2EC9E /* NSDate+PNAdditions.h */ = {isa = PBXFileReference; fileEncoding = 4; lastKnownFileType = sourcecode.c.h; path = "NSDate+PNAdditions.h"; sourceTree = "<group>"; };
		B56A403BEAE38B665CFD7AF6 /* PNHereNowRequest.m */ = {isa = PBXFileReference; fileEncoding = 4; lastKnownFileType = sourcecode.c.objc; path = PNHereNowRequest.m; sourceTree = "<group>"; };
		B56A405F15DB6E2882530BC3 /* PNNetworkHelper.m */ = {isa = PBXFileReference; fileEncoding = 4; lastKnownFileType = sourcecode.c.objc; path = PNNetworkHelper.m; sourceTree = "<group>"; };
		B56A40A355726EFE72BE57C8 /* PNChannelHistoryParser.m */ = {isa = PBXFileReference; fileEncoding = 4; lastKnownFileType = sourcecode.c.objc; path = PNChannelHistoryParser.m; sourceTree = "<group>"; };
		B56A40B5FFAA048616EB6888 /* PNNotifications.h */ = {isa = PBXFileReference; fileEncoding = 4; lastKnownFileType = sourcecode.c.h; path = PNNotifications.h; sourceTree = "<group>"; };
		B56A40DA284B4EC0694402CD /* PNDelegate.h */ = {isa = PBXFileReference; fileEncoding = 4; lastKnownFileType = sourcecode.c.h; path = PNDelegate.h; sourceTree = "<group>"; };
		B56A40FB76BAC5A33D82D919 /* PNMessagePostRequest+Protected.h */ = {isa = PBXFileReference; fileEncoding = 4; lastKnownFileType = sourcecode.c.h; path = "PNMessagePostRequest+Protected.h"; sourceTree = "<group>"; };
		B56A4126F896A8B315C0C172 /* PNConnection+Protected.h */ = {isa = PBXFileReference; fileEncoding = 4; lastKnownFileType = sourcecode.c.h; path = "PNConnection+Protected.h"; sourceTree = "<group>"; };
		B56A4136775D5FF8F8CD9BD4 /* PNConnection.h */ = {isa = PBXFileReference; fileEncoding = 4; lastKnownFileType = sourcecode.c.h; path = PNConnection.h; sourceTree = "<group>"; };
		B56A414AD6D30F4A97AFC27B /* PNCryptoHelper.h */ = {isa = PBXFileReference; fileEncoding = 4; lastKnownFileType = sourcecode.c.h; path = PNCryptoHelper.h; sourceTree = "<group>"; };
		B56A414E78540B4449CB1DEC /* PNWriteBuffer.m */ = {isa = PBXFileReference; fileEncoding = 4; lastKnownFileType = sourcecode.c.objc; path = PNWriteBuffer.m; sourceTree = "<group>"; };
		B56A4164406326789DD8090A /* PNOperationStatus.h */ = {isa = PBXFileReference; fileEncoding = 4; lastKnownFileType = sourcecode.c.h; path = PNOperationStatus.h; sourceTree = "<group>"; };
		B56A416CF14D32CF972123E0 /* NSMutableArray+PNAdditions.h */ = {isa = PBXFileReference; fileEncoding = 4; lastKnownFileType = sourcecode.c.h; path = "NSMutableArray+PNAdditions.h"; sourceTree = "<group>"; };
		B56A4172AC9D1F370D285D99 /* PNServiceResponseCallbacks.h */ = {isa = PBXFileReference; fileEncoding = 4; lastKnownFileType = sourcecode.c.h; path = PNServiceResponseCallbacks.h; sourceTree = "<group>"; };
		B56A4199698B0EAA5EE9B4ED /* PNPushNotificationsEnabledChannelsRequest.h */ = {isa = PBXFileReference; fileEncoding = 4; lastKnownFileType = sourcecode.c.h; path = PNPushNotificationsEnabledChannelsRequest.h; sourceTree = "<group>"; };
		B56A41A7F8C4814A862D28EA /* PNMessageHistoryRequest.h */ = {isa = PBXFileReference; fileEncoding = 4; lastKnownFileType = sourcecode.c.h; path = PNMessageHistoryRequest.h; sourceTree = "<group>"; };
		B56A4234F7933CD2CD94965B /* PNChannelPresence.h */ = {isa = PBXFileReference; fileEncoding = 4; lastKnownFileType = sourcecode.c.h; path = PNChannelPresence.h; sourceTree = "<group>"; };
		B56A42417C93B793ED63075A /* PNChannelEvents.h */ = {isa = PBXFileReference; fileEncoding = 4; lastKnownFileType = sourcecode.c.h; path = PNChannelEvents.h; sourceTree = "<group>"; };
		B56A4254ACCDB41AF6541B6A /* PNChannelPresence+Protected.h */ = {isa = PBXFileReference; fileEncoding = 4; lastKnownFileType = sourcecode.c.h; path = "PNChannelPresence+Protected.h"; sourceTree = "<group>"; };
		B56A42706BB5949225FB464C /* PNRequestsQueue.m */ = {isa = PBXFileReference; fileEncoding = 4; lastKnownFileType = sourcecode.c.objc; path = PNRequestsQueue.m; sourceTree = "<group>"; };
		B56A428A43A65E5F1E4206FE /* PubNub.m */ = {isa = PBXFileReference; fileEncoding = 4; lastKnownFileType = sourcecode.c.objc; path = PubNub.m; sourceTree = "<group>"; };
		B56A42B58CE5D95FEC84EDCA /* PNActionResponseParser.m */ = {isa = PBXFileReference; fileEncoding = 4; lastKnownFileType = sourcecode.c.objc; path = PNActionResponseParser.m; sourceTree = "<group>"; };
		B56A42E49C332CE57DAA5152 /* PNReachability.m */ = {isa = PBXFileReference; fileEncoding = 4; lastKnownFileType = sourcecode.c.objc; path = PNReachability.m; sourceTree = "<group>"; };
		B56A43005DE3F14847524FD3 /* PNMessagingChannel.h */ = {isa = PBXFileReference; fileEncoding = 4; lastKnownFileType = sourcecode.c.h; path = PNMessagingChannel.h; sourceTree = "<group>"; };
		B56A434CC4F9D306C45DFCDA /* PNDefaultConfiguration.h */ = {isa = PBXFileReference; fileEncoding = 4; lastKnownFileType = sourcecode.c.h; path = PNDefaultConfiguration.h; sourceTree = "<group>"; };
		B56A435E6FB9D973BF6ECF8E /* PNPushNotificationsRemoveRequest.m */ = {isa = PBXFileReference; fileEncoding = 4; lastKnownFileType = sourcecode.c.objc; path = PNPushNotificationsRemoveRequest.m; sourceTree = "<group>"; };
		B56A4365BBB541755461AA06 /* PNPushNotificationsEnabledChannelsRequest.m */ = {isa = PBXFileReference; fileEncoding = 4; lastKnownFileType = sourcecode.c.objc; path = PNPushNotificationsEnabledChannelsRequest.m; sourceTree = "<group>"; };
		B56A43853A4927792A747D0C /* PNOperationStatusResponseParser.m */ = {isa = PBXFileReference; fileEncoding = 4; lastKnownFileType = sourcecode.c.objc; path = PNOperationStatusResponseParser.m; sourceTree = "<group>"; };
		B56A438B4233502DC34D92E1 /* NSData+PNAdditions.m */ = {isa = PBXFileReference; fileEncoding = 4; lastKnownFileType = sourcecode.c.objc; path = "NSData+PNAdditions.m"; sourceTree = "<group>"; };
		B56A43E6821D796C690292DD /* PNResponse.h */ = {isa = PBXFileReference; fileEncoding = 4; lastKnownFileType = sourcecode.c.h; path = PNResponse.h; sourceTree = "<group>"; };
		B56A44473D5C695FD24797B7 /* PNPresenceEvent+Protected.h */ = {isa = PBXFileReference; fileEncoding = 4; lastKnownFileType = sourcecode.c.h; path = "PNPresenceEvent+Protected.h"; sourceTree = "<group>"; };
		B56A4460BD4D72C98FBB48F4 /* PNOperationStatusResponseParser.h */ = {isa = PBXFileReference; fileEncoding = 4; lastKnownFileType = sourcecode.c.h; path = PNOperationStatusResponseParser.h; sourceTree = "<group>"; };
		B56A4474C374E04579302CD2 /* PNErrorResponseParser+Protected.h */ = {isa = PBXFileReference; fileEncoding = 4; lastKnownFileType = sourcecode.c.h; path = "PNErrorResponseParser+Protected.h"; sourceTree = "<group>"; };
		B56A4476583CC58C94F68551 /* PNChannelEventsResponseParser.h */ = {isa = PBXFileReference; fileEncoding = 4; lastKnownFileType = sourcecode.c.h; path = PNChannelEventsResponseParser.h; sourceTree = "<group>"; };
		B56A447EFBFC2E84693CE72D /* NSMutableArray+PNAdditions.m */ = {isa = PBXFileReference; fileEncoding = 4; lastKnownFileType = sourcecode.c.objc; path = "NSMutableArray+PNAdditions.m"; sourceTree = "<group>"; };
		B56A449681480ADF653528E6 /* PNMessageChannelDelegate.h */ = {isa = PBXFileReference; fileEncoding = 4; lastKnownFileType = sourcecode.c.h; path = PNMessageChannelDelegate.h; sourceTree = "<group>"; };
		B56A4515952BADFCB1C4E9D5 /* PNTimeTokenRequest.m */ = {isa = PBXFileReference; fileEncoding = 4; lastKnownFileType = sourcecode.c.objc; path = PNTimeTokenRequest.m; sourceTree = "<group>"; };
		B56A455150C8D37FD4DA81E0 /* NSDate+PNAdditions.m */ = {isa = PBXFileReference; fileEncoding = 4; lastKnownFileType = sourcecode.c.objc; path = "NSDate+PNAdditions.m"; sourceTree = "<group>"; };
		B56A455586C632A10E7C0067 /* PNHereNowRequest.h */ = {isa = PBXFileReference; fileEncoding = 4; lastKnownFileType = sourcecode.c.h; path = PNHereNowRequest.h; sourceTree = "<group>"; };
		B56A4568148C890C9CFEBE8A /* PNErrorResponseParser.h */ = {isa = PBXFileReference; fileEncoding = 4; lastKnownFileType = sourcecode.c.h; path = PNErrorResponseParser.h; sourceTree = "<group>"; };
		B56A45719FD0610DC669BFD9 /* PNObservationCenter.m */ = {isa = PBXFileReference; fileEncoding = 4; lastKnownFileType = sourcecode.c.objc; path = PNObservationCenter.m; sourceTree = "<group>"; };
		B56A45745BBB250AB005ABE4 /* PNBaseRequest.m */ = {isa = PBXFileReference; fileEncoding = 4; lastKnownFileType = sourcecode.c.objc; path = PNBaseRequest.m; sourceTree = "<group>"; };
		B56A4580B85C54E7E04F48E2 /* NSData+PNAdditions.h */ = {isa = PBXFileReference; fileEncoding = 4; lastKnownFileType = sourcecode.c.h; path = "NSData+PNAdditions.h"; sourceTree = "<group>"; };
		B56A45A99BA6E8E5F4DD0ED7 /* PNHereNow.m */ = {isa = PBXFileReference; fileEncoding = 4; lastKnownFileType = sourcecode.c.objc; path = PNHereNow.m; sourceTree = "<group>"; };
		B56A45B2FE05044F6D52A0E3 /* NSArray+PNAdditions.m */ = {isa = PBXFileReference; fileEncoding = 4; lastKnownFileType = sourcecode.c.objc; path = "NSArray+PNAdditions.m"; sourceTree = "<group>"; };
		B56A45BE32EE49D1FA92F231 /* PNHereNowResponseParser.m */ = {isa = PBXFileReference; fileEncoding = 4; lastKnownFileType = sourcecode.c.objc; path = PNHereNowResponseParser.m; sourceTree = "<group>"; };
		B56A45D8C8736C02B1A585C9 /* PNLeaveRequest.h */ = {isa = PBXFileReference; fileEncoding = 4; lastKnownFileType = sourcecode.c.h; path = PNLeaveRequest.h; sourceTree = "<group>"; };
		B56A45F128235FD4CC6666E7 /* PNLatencyMeasureRequest.m */ = {isa = PBXFileReference; fileEncoding = 4; lastKnownFileType = sourcecode.c.objc; path = PNLatencyMeasureRequest.m; sourceTree = "<group>"; };
		B56A4612975F43A47CB86F55 /* PNConnectionChannel.m */ = {isa = PBXFileReference; fileEncoding = 4; lastKnownFileType = sourcecode.c.objc; path = PNConnectionChannel.m; sourceTree = "<group>"; };
		B56A461EB26CF7C33F792BF6 /* PNRequestsQueue.h */ = {isa = PBXFileReference; fileEncoding = 4; lastKnownFileType = sourcecode.c.h; path = PNRequestsQueue.h; sourceTree = "<group>"; };
		B56A462558122B9479CE8532 /* PNLeaveRequest.m */ = {isa = PBXFileReference; fileEncoding = 4; lastKnownFileType = sourcecode.c.objc; path = PNLeaveRequest.m; sourceTree = "<group>"; };
		B56A46381871E645DDEE8B34 /* PNMessage.m */ = {isa = PBXFileReference; fileEncoding = 4; lastKnownFileType = sourcecode.c.objc; path = PNMessage.m; sourceTree = "<group>"; };
		B56A464C56C592EDC9241E94 /* PNMessage+Protected.h */ = {isa = PBXFileReference; fileEncoding = 4; lastKnownFileType = sourcecode.c.h; path = "PNMessage+Protected.h"; sourceTree = "<group>"; };
		B56A4654D3986D173C30D083 /* PNMessageHistoryRequest+Protected.h */ = {isa = PBXFileReference; fileEncoding = 4; lastKnownFileType = sourcecode.c.h; path = "PNMessageHistoryRequest+Protected.h"; sourceTree = "<group>"; };
		B56A46857FD91CE5F227D0FF /* PNMessagePostRequest.h */ = {isa = PBXFileReference; fileEncoding = 4; lastKnownFileType = sourcecode.c.h; path = PNMessagePostRequest.h; sourceTree = "<group>"; };
		B56A46924980F4C5AFBD224B /* PNConfiguration+Protected.h */ = {isa = PBXFileReference; fileEncoding = 4; lastKnownFileType = sourcecode.c.h; path = "PNConfiguration+Protected.h"; sourceTree = "<group>"; };
		B56A46EE3AEC4A175CEA464E /* PNResponse.m */ = {isa = PBXFileReference; fileEncoding = 4; lastKnownFileType = sourcecode.c.objc; path = PNResponse.m; sourceTree = "<group>"; };
		B56A470A4012DEA217B674B0 /* PNObservationCenter+Protected.h */ = {isa = PBXFileReference; fileEncoding = 4; lastKnownFileType = sourcecode.c.h; path = "PNObservationCenter+Protected.h"; sourceTree = "<group>"; };
		B56A4730C44208B9805AA6C0 /* PNConnectionChannel+Protected.h */ = {isa = PBXFileReference; fileEncoding = 4; lastKnownFileType = sourcecode.c.h; path = "PNConnectionChannel+Protected.h"; sourceTree = "<group>"; };
		B56A47497D6A5A4E81AF3300 /* PNConnectionDelegate.h */ = {isa = PBXFileReference; fileEncoding = 4; lastKnownFileType = sourcecode.c.h; path = PNConnectionDelegate.h; sourceTree = "<group>"; };
		B56A477A5E38D5E1267BE4F5 /* PNObservationCenter.h */ = {isa = PBXFileReference; fileEncoding = 4; lastKnownFileType = sourcecode.c.h; path = PNObservationCenter.h; sourceTree = "<group>"; };
		B56A47949D0812BF940D9FAF /* PNChannel.m */ = {isa = PBXFileReference; fileEncoding = 4; lastKnownFileType = sourcecode.c.objc; path = PNChannel.m; sourceTree = "<group>"; };
		B56A47CF23C12DCAEAD280EE /* PNConnection.m */ = {isa = PBXFileReference; fileEncoding = 4; lastKnownFileType = sourcecode.c.objc; path = PNConnection.m; sourceTree = "<group>"; };
		B56A48147A983AA4BAA7BEBA /* PNMessagingChannel.m */ = {isa = PBXFileReference; fileEncoding = 4; lastKnownFileType = sourcecode.c.objc; path = PNMessagingChannel.m; sourceTree = "<group>"; };
		B56A485E7399BEE80A3EFB5E /* PNPushNotificationsStateChangeRequest.h */ = {isa = PBXFileReference; fileEncoding = 4; lastKnownFileType = sourcecode.c.h; path = PNPushNotificationsStateChangeRequest.h; sourceTree = "<group>"; };
		B56A487D0794699F0EC77733 /* PNBaseRequest.h */ = {isa = PBXFileReference; fileEncoding = 4; lastKnownFileType = sourcecode.c.h; path = PNBaseRequest.h; sourceTree = "<group>"; };
		B56A488908E1438CD49CC2B0 /* PNTimeTokenResponseParser.m */ = {isa = PBXFileReference; fileEncoding = 4; lastKnownFileType = sourcecode.c.objc; path = PNTimeTokenResponseParser.m; sourceTree = "<group>"; };
		B56A4895A2CCC6F2A21DA5CE /* PNActionResponseParser+Protected.h */ = {isa = PBXFileReference; fileEncoding = 4; lastKnownFileType = sourcecode.c.h; path = "PNActionResponseParser+Protected.h"; sourceTree = "<group>"; };
		B56A48A1723CED574D1A0964 /* PNHereNowRequest+Protected.h */ = {isa = PBXFileReference; fileEncoding = 4; lastKnownFileType = sourcecode.c.h; path = "PNHereNowRequest+Protected.h"; sourceTree = "<group>"; };
		B56A48A869F5B5557460B211 /* PNResponseDeserialize.h */ = {isa = PBXFileReference; fileEncoding = 4; lastKnownFileType = sourcecode.c.h; path = PNResponseDeserialize.h; sourceTree = "<group>"; };
		B56A48BBEE9AA6CB84C535A4 /* PNCryptoHelper.m */ = {isa = PBXFileReference; fileEncoding = 4; lastKnownFileType = sourcecode.c.objc; path = PNCryptoHelper.m; sourceTree = "<group>"; };
		B56A48CECCC65663F62E533E /* PNJSONSerialization.h */ = {isa = PBXFileReference; fileEncoding = 4; lastKnownFileType = sourcecode.c.h; path = PNJSONSerialization.h; sourceTree = "<group>"; };
		B56A48E7D42F1E1622000196 /* PNPushNotificationsEnabledChannelsParser.m */ = {isa = PBXFileReference; fileEncoding = 4; lastKnownFileType = sourcecode.c.objc; path = PNPushNotificationsEnabledChannelsParser.m; sourceTree = "<group>"; };
		B56A4900729821E48C2DB46E /* PNPresenceEvent.h */ = {isa = PBXFileReference; fileEncoding = 4; lastKnownFileType = sourcecode.c.h; path = PNPresenceEvent.h; sourceTree = "<group>"; };
		B56A4941285DAB198C10644E /* PNResponseDeserialize.m */ = {isa = PBXFileReference; fileEncoding = 4; lastKnownFileType = sourcecode.c.objc; path = PNResponseDeserialize.m; sourceTree = "<group>"; };
		B56A495B5C1C66FBE2F1E0EB /* PNResponseParser.m */ = {isa = PBXFileReference; fileEncoding = 4; lastKnownFileType = sourcecode.c.objc; path = PNResponseParser.m; sourceTree = "<group>"; };
		B56A49668CF16BA16035BC98 /* PNConstants.h */ = {isa = PBXFileReference; fileEncoding = 4; lastKnownFileType = sourcecode.c.h; path = PNConstants.h; sourceTree = "<group>"; };
		B56A499B401DAE6F202837DB /* PNImports.h */ = {isa = PBXFileReference; fileEncoding = 4; lastKnownFileType = sourcecode.c.h; path = PNImports.h; sourceTree = "<group>"; };
		B56A49A35CD0A95BF7CDEB3C /* PNStructures.h */ = {isa = PBXFileReference; fileEncoding = 4; lastKnownFileType = sourcecode.c.h; path = PNStructures.h; sourceTree = "<group>"; };
		B56A49A8374360DE67A175DF /* PNWriteBuffer.h */ = {isa = PBXFileReference; fileEncoding = 4; lastKnownFileType = sourcecode.c.h; path = PNWriteBuffer.h; sourceTree = "<group>"; };
		B56A49AA1A7F27423406D883 /* PNHereNow+Protected.h */ = {isa = PBXFileReference; fileEncoding = 4; lastKnownFileType = sourcecode.c.h; path = "PNHereNow+Protected.h"; sourceTree = "<group>"; };
		B56A49CDC4902625DB6CF4F2 /* PNOperationStatus.m */ = {isa = PBXFileReference; fileEncoding = 4; lastKnownFileType = sourcecode.c.objc; path = PNOperationStatus.m; sourceTree = "<group>"; };
		B56A49CFD0ACFF7D53DD4E3E /* PNConfiguration.h */ = {isa = PBXFileReference; fileEncoding = 4; lastKnownFileType = sourcecode.c.h; path = PNConfiguration.h; sourceTree = "<group>"; };
		B56A49D348CEE2FB8A0C24F8 /* UIApplication+PNAdditions.m */ = {isa = PBXFileReference; fileEncoding = 4; lastKnownFileType = sourcecode.c.objc; path = "UIApplication+PNAdditions.m"; sourceTree = "<group>"; };
		B56A4A07EAFBBFD7A444D829 /* PNChannel.h */ = {isa = PBXFileReference; fileEncoding = 4; lastKnownFileType = sourcecode.c.h; path = PNChannel.h; sourceTree = "<group>"; };
		B56A4A0E56F1399866DE6B1C /* NSInvocation+PNAdditions.m */ = {isa = PBXFileReference; fileEncoding = 4; lastKnownFileType = sourcecode.c.objc; path = "NSInvocation+PNAdditions.m"; sourceTree = "<group>"; };
		B56A4A28130E3CBDADFBFD84 /* NSString+PNAddition.m */ = {isa = PBXFileReference; fileEncoding = 4; lastKnownFileType = sourcecode.c.objc; path = "NSString+PNAddition.m"; sourceTree = "<group>"; };
		B56A4A34D4F14374F85C104B /* PNTimeTokenResponseParser.h */ = {isa = PBXFileReference; fileEncoding = 4; lastKnownFileType = sourcecode.c.h; path = PNTimeTokenResponseParser.h; sourceTree = "<group>"; };
		B56A4A740480C75DBA56050D /* PNConfiguration.m */ = {isa = PBXFileReference; fileEncoding = 4; lastKnownFileType = sourcecode.c.objc; path = PNConfiguration.m; sourceTree = "<group>"; };
		B56A4AC1FE34DF2992BBDC1B /* NSString+PNAddition.h */ = {isa = PBXFileReference; fileEncoding = 4; lastKnownFileType = sourcecode.c.h; path = "NSString+PNAddition.h"; sourceTree = "<group>"; };
		B56A4AD788FEEB4A4DD5AA95 /* PNError.h */ = {isa = PBXFileReference; fileEncoding = 4; lastKnownFileType = sourcecode.c.h; path = PNError.h; sourceTree = "<group>"; };
		B56A4ADD9F191E7A85321ABA /* PNErrorCodes.h */ = {isa = PBXFileReference; fileEncoding = 4; lastKnownFileType = sourcecode.c.h; path = PNErrorCodes.h; sourceTree = "<group>"; };
		B56A4AEA3BE8ABA2E5E15CCF /* PNMessagePostRequest.m */ = {isa = PBXFileReference; fileEncoding = 4; lastKnownFileType = sourcecode.c.objc; path = PNMessagePostRequest.m; sourceTree = "<group>"; };
		B56A4AEDD786A250AF43CAFE /* PNChannel+Protected.h */ = {isa = PBXFileReference; fileEncoding = 4; lastKnownFileType = sourcecode.c.h; path = "PNChannel+Protected.h"; sourceTree = "<group>"; };
		B56A4B034BBC017D1445F792 /* PNRequestsImport.h */ = {isa = PBXFileReference; fileEncoding = 4; lastKnownFileType = sourcecode.c.h; path = PNRequestsImport.h; sourceTree = "<group>"; };
		B56A4B0DEB5C98043CF10601 /* PNLeaveRequest+Protected.h */ = {isa = PBXFileReference; fileEncoding = 4; lastKnownFileType = sourcecode.c.h; path = "PNLeaveRequest+Protected.h"; sourceTree = "<group>"; };
		B56A4B2DF99869AA3ADC9339 /* PNPrivateMacro.h */ = {isa = PBXFileReference; fileEncoding = 4; lastKnownFileType = sourcecode.c.h; path = PNPrivateMacro.h; sourceTree = "<group>"; };
		B56A4B347154263DA9D3CB42 /* PNHereNowResponseParser+Protected.h */ = {isa = PBXFileReference; fileEncoding = 4; lastKnownFileType = sourcecode.c.h; path = "PNHereNowResponseParser+Protected.h"; sourceTree = "<group>"; };
		B56A4B474788EC16DB9F5DAF /* PNReachability.h */ = {isa = PBXFileReference; fileEncoding = 4; lastKnownFileType = sourcecode.c.h; path = PNReachability.h; sourceTree = "<group>"; };
		B56A4B9F5AD5784197F433C5 /* PNChannelEventsResponseParser.m */ = {isa = PBXFileReference; fileEncoding = 4; lastKnownFileType = sourcecode.c.objc; path = PNChannelEventsResponseParser.m; sourceTree = "<group>"; };
		B56A4BBDC50B23347123BEDC /* PNServiceChannel.m */ = {isa = PBXFileReference; fileEncoding = 4; lastKnownFileType = sourcecode.c.objc; path = PNServiceChannel.m; sourceTree = "<group>"; };
		B56A4BDF31811C23127C7581 /* PNMessagesHistory+Protected.h */ = {isa = PBXFileReference; fileEncoding = 4; lastKnownFileType = sourcecode.c.h; path = "PNMessagesHistory+Protected.h"; sourceTree = "<group>"; };
		B56A4C2580762DB5016513E6 /* PNChannelHistoryParser.h */ = {isa = PBXFileReference; fileEncoding = 4; lastKnownFileType = sourcecode.c.h; path = PNChannelHistoryParser.h; sourceTree = "<group>"; };
		B56A4C314FAC57F26EFE4960 /* PNNetworkHelper.h */ = {isa = PBXFileReference; fileEncoding = 4; lastKnownFileType = sourcecode.c.h; path = PNNetworkHelper.h; sourceTree = "<group>"; };
		B56A4C39C0EA490C8CA3483C /* PNConnectionChannel.h */ = {isa = PBXFileReference; fileEncoding = 4; lastKnownFileType = sourcecode.c.h; path = PNConnectionChannel.h; sourceTree = "<group>"; };
		B56A4C593C126F791A4BCF0E /* PNError+Protected.h */ = {isa = PBXFileReference; fileEncoding = 4; lastKnownFileType = sourcecode.c.h; path = "PNError+Protected.h"; sourceTree = "<group>"; };
		B56A4C613FF4638D7C27EC9B /* PNConnectionChannelDelegate.h */ = {isa = PBXFileReference; fileEncoding = 4; lastKnownFileType = sourcecode.c.h; path = PNConnectionChannelDelegate.h; sourceTree = "<group>"; };
		B56A4C6B31155B60152F5A28 /* PNPrivateImports.h */ = {isa = PBXFileReference; fileEncoding = 4; lastKnownFileType = sourcecode.c.h; path = PNPrivateImports.h; sourceTree = "<group>"; };
		B56A4C7230C94B5103FB3EE8 /* PNSubscribeRequest.m */ = {isa = PBXFileReference; fileEncoding = 4; lastKnownFileType = sourcecode.c.objc; path = PNSubscribeRequest.m; sourceTree = "<group>"; };
		B56A4C8DE22235A733E2C73D /* PNTimeTokenRequest.h */ = {isa = PBXFileReference; fileEncoding = 4; lastKnownFileType = sourcecode.c.h; path = PNTimeTokenRequest.h; sourceTree = "<group>"; };
		B56A4C9B1D1DDA36E062C06B /* PNMessagesHistory.h */ = {isa = PBXFileReference; fileEncoding = 4; lastKnownFileType = sourcecode.c.h; path = PNMessagesHistory.h; sourceTree = "<group>"; };
		B56A4CC6FC934C302F44B859 /* PubNub+Protected.h */ = {isa = PBXFileReference; fileEncoding = 4; lastKnownFileType = sourcecode.c.h; path = "PubNub+Protected.h"; sourceTree = "<group>"; };
		B56A4CD6B71023AFFB69CDF4 /* PNServiceChannel.h */ = {isa = PBXFileReference; fileEncoding = 4; lastKnownFileType = sourcecode.c.h; path = PNServiceChannel.h; sourceTree = "<group>"; };
		B56A4D0AAF8005DA8EF66366 /* PNSubscribeRequest.h */ = {isa = PBXFileReference; fileEncoding = 4; lastKnownFileType = sourcecode.c.h; path = PNSubscribeRequest.h; sourceTree = "<group>"; };
		B56A4D1FCBEE8B7ED2A45C25 /* PNChannelEvents+Protected.h */ = {isa = PBXFileReference; fileEncoding = 4; lastKnownFileType = sourcecode.c.h; path = "PNChannelEvents+Protected.h"; sourceTree = "<group>"; };
		B56A4D2309C24C725D7D2971 /* PNHereNowResponseParser.h */ = {isa = PBXFileReference; fileEncoding = 4; lastKnownFileType = sourcecode.c.h; path = PNHereNowResponseParser.h; sourceTree = "<group>"; };
		B56A4D2C5DC6E63FC0423569 /* PNMessage.h */ = {isa = PBXFileReference; fileEncoding = 4; lastKnownFileType = sourcecode.c.h; path = PNMessage.h; sourceTree = "<group>"; };
		B56A4D335EC70EABEB4A8A4D /* PNDate.m */ = {isa = PBXFileReference; fileEncoding = 4; lastKnownFileType = sourcecode.c.objc; path = PNDate.m; sourceTree = "<group>"; };
		B56A4D4D81F06F8541F5378E /* PNChannelPresence.m */ = {isa = PBXFileReference; fileEncoding = 4; lastKnownFileType = sourcecode.c.objc; path = PNChannelPresence.m; sourceTree = "<group>"; };
		B56A4D900020720FD85D6792 /* PNErrorResponseParser.m */ = {isa = PBXFileReference; fileEncoding = 4; lastKnownFileType = sourcecode.c.objc; path = PNErrorResponseParser.m; sourceTree = "<group>"; };
		B56A4D9FD4CCB96994B9DFDC /* PNDate.h */ = {isa = PBXFileReference; fileEncoding = 4; lastKnownFileType = sourcecode.c.h; path = PNDate.h; sourceTree = "<group>"; };
		B56A4DAAE71D15397DA6D373 /* NSArray+PNAdditions.h */ = {isa = PBXFileReference; fileEncoding = 4; lastKnownFileType = sourcecode.c.h; path = "NSArray+PNAdditions.h"; sourceTree = "<group>"; };
		B56A4DFE7E85A8A1B17D0313 /* PNResponseProtocol.h */ = {isa = PBXFileReference; fileEncoding = 4; lastKnownFileType = sourcecode.c.h; path = PNResponseProtocol.h; sourceTree = "<group>"; };
		B56A4E15D6BD519D06176A37 /* PNOperationStatus+Protected.h */ = {isa = PBXFileReference; fileEncoding = 4; lastKnownFileType = sourcecode.c.h; path = "PNOperationStatus+Protected.h"; sourceTree = "<group>"; };
		B56A4E1B4EA51816217E9712 /* PNHereNow.h */ = {isa = PBXFileReference; fileEncoding = 4; lastKnownFileType = sourcecode.c.h; path = PNHereNow.h; sourceTree = "<group>"; };
		B56A4E2FC6FC96ABBEC0B90C /* PNError.m */ = {isa = PBXFileReference; fileEncoding = 4; lastKnownFileType = sourcecode.c.objc; path = PNError.m; sourceTree = "<group>"; };
		B56A4E49DE71A87ABC1C8365 /* PNMacro.h */ = {isa = PBXFileReference; fileEncoding = 4; lastKnownFileType = sourcecode.c.h; path = PNMacro.h; sourceTree = "<group>"; };
		B56A4E51C3A1E4E181D10AC4 /* PNRequestsQueueDelegate.h */ = {isa = PBXFileReference; fileEncoding = 4; lastKnownFileType = sourcecode.c.h; path = PNRequestsQueueDelegate.h; sourceTree = "<group>"; };
		B56A4E5DD1226751AA29B9ED /* PNBaseRequest+Protected.h */ = {isa = PBXFileReference; fileEncoding = 4; lastKnownFileType = sourcecode.c.h; path = "PNBaseRequest+Protected.h"; sourceTree = "<group>"; };
		B56A4E5EBE8110A113B8FBAF /* PNPushNotificationsStateChangeRequest.m */ = {isa = PBXFileReference; fileEncoding = 4; lastKnownFileType = sourcecode.c.objc; path = PNPushNotificationsStateChangeRequest.m; sourceTree = "<group>"; };
		B56A4E68A5B3A7AB52F2C2BE /* PNPushNotificationsEnabledChannelsParser.h */ = {isa = PBXFileReference; fileEncoding = 4; lastKnownFileType = sourcecode.c.h; path = PNPushNotificationsEnabledChannelsParser.h; sourceTree = "<group>"; };
		B56A4EA15837ABBE646A3E80 /* PNPresenceEvent.m */ = {isa = PBXFileReference; fileEncoding = 4; lastKnownFileType = sourcecode.c.objc; path = PNPresenceEvent.m; sourceTree = "<group>"; };
		B56A4EB48ED3950343EC3997 /* PubNub.h */ = {isa = PBXFileReference; fileEncoding = 4; lastKnownFileType = sourcecode.c.h; path = PubNub.h; sourceTree = "<group>"; };
		B56A4EEB5E54C4D5D5FF81D8 /* PNLatencyMeasureRequest.h */ = {isa = PBXFileReference; fileEncoding = 4; lastKnownFileType = sourcecode.c.h; path = PNLatencyMeasureRequest.h; sourceTree = "<group>"; };
		B56A4EEB8A5880FEA2044041 /* PNChannelEvents.m */ = {isa = PBXFileReference; fileEncoding = 4; lastKnownFileType = sourcecode.c.objc; path = PNChannelEvents.m; sourceTree = "<group>"; };
		B56A4EF617B2CEB42A5E0152 /* PNPushNotificationsRemoveRequest.h */ = {isa = PBXFileReference; fileEncoding = 4; lastKnownFileType = sourcecode.c.h; path = PNPushNotificationsRemoveRequest.h; sourceTree = "<group>"; };
		B56A4EF639CA01EDC6788628 /* PNServiceChannelDelegate.h */ = {isa = PBXFileReference; fileEncoding = 4; lastKnownFileType = sourcecode.c.h; path = PNServiceChannelDelegate.h; sourceTree = "<group>"; };
		B56A4F318DFF66410FD8158E /* UIApplication+PNAdditions.h */ = {isa = PBXFileReference; fileEncoding = 4; lastKnownFileType = sourcecode.c.h; path = "UIApplication+PNAdditions.h"; sourceTree = "<group>"; };
		B56A4F624EA96B92944112D2 /* PNMessagesHistory.m */ = {isa = PBXFileReference; fileEncoding = 4; lastKnownFileType = sourcecode.c.objc; path = PNMessagesHistory.m; sourceTree = "<group>"; };
		B56A4F6E4C2B7D2B21CF084E /* PNActionResponseParser.h */ = {isa = PBXFileReference; fileEncoding = 4; lastKnownFileType = sourcecode.c.h; path = PNActionResponseParser.h; sourceTree = "<group>"; };
		B56A4F9CC34A35E608D760EB /* PNJSONSerialization.m */ = {isa = PBXFileReference; fileEncoding = 4; lastKnownFileType = sourcecode.c.objc; path = PNJSONSerialization.m; sourceTree = "<group>"; };
		B56A4FA7D40A964A9C458D06 /* PNMessageHistoryRequest.m */ = {isa = PBXFileReference; fileEncoding = 4; lastKnownFileType = sourcecode.c.objc; path = PNMessageHistoryRequest.m; sourceTree = "<group>"; };
		B56A4FAC220B6D9FC1F38708 /* PNSubscribeRequest+Protected.h */ = {isa = PBXFileReference; fileEncoding = 4; lastKnownFileType = sourcecode.c.h; path = "PNSubscribeRequest+Protected.h"; sourceTree = "<group>"; };
		B56A4FD34F5EF048F7C3E14E /* PNResponseParser.h */ = {isa = PBXFileReference; fileEncoding = 4; lastKnownFileType = sourcecode.c.h; path = PNResponseParser.h; sourceTree = "<group>"; };
/* End PBXFileReference section */

/* Begin PBXFrameworksBuildPhase section */
		A77D83281703BB090049BFA1 /* Frameworks */ = {
			isa = PBXFrameworksBuildPhase;
			buildActionMask = 2147483647;
			files = (
				A77D84121703BDD80049BFA1 /* CFNetwork.framework in Frameworks */,
				A77D84131703BDD80049BFA1 /* CoreFoundation.framework in Frameworks */,
				A77D84141703BDD80049BFA1 /* libz.dylib in Frameworks */,
				A77D84151703BDD80049BFA1 /* SystemConfiguration.framework in Frameworks */,
				A77D832F1703BB090049BFA1 /* UIKit.framework in Frameworks */,
				A77D83311703BB090049BFA1 /* Foundation.framework in Frameworks */,
				A77D83331703BB090049BFA1 /* CoreGraphics.framework in Frameworks */,
			);
			runOnlyForDeploymentPostprocessing = 0;
		};
/* End PBXFrameworksBuildPhase section */

/* Begin PBXGroup section */
		962FA20917BF531300141E23 /* libs */ = {
			isa = PBXGroup;
			children = (
				962FA20A17BF531300141E23 /* JSONKit */,
				B56A42417C93B793ED63075A /* PNChannelEvents.h */,
				B56A4D1FCBEE8B7ED2A45C25 /* PNChannelEvents+Protected.h */,
				B56A49CFD0ACFF7D53DD4E3E /* PNConfiguration.h */,
				B56A46924980F4C5AFBD224B /* PNConfiguration+Protected.h */,
				B56A49668CF16BA16035BC98 /* PNConstants.h */,
				B56A4D9FD4CCB96994B9DFDC /* PNDate.h */,
				B56A434CC4F9D306C45DFCDA /* PNDefaultConfiguration.h */,
				B56A4AD788FEEB4A4DD5AA95 /* PNError.h */,
				B56A4C593C126F791A4BCF0E /* PNError+Protected.h */,
				B56A4ADD9F191E7A85321ABA /* PNErrorCodes.h */,
				B56A4E1B4EA51816217E9712 /* PNHereNow.h */,
				B56A49AA1A7F27423406D883 /* PNHereNow+Protected.h */,
				B56A499B401DAE6F202837DB /* PNImports.h */,
				B56A48CECCC65663F62E533E /* PNJSONSerialization.h */,
				B56A4E49DE71A87ABC1C8365 /* PNMacro.h */,
				B56A4D2C5DC6E63FC0423569 /* PNMessage.h */,
				B56A464C56C592EDC9241E94 /* PNMessage+Protected.h */,
				B56A4C9B1D1DDA36E062C06B /* PNMessagesHistory.h */,
				B56A4BDF31811C23127C7581 /* PNMessagesHistory+Protected.h */,
				B56A43005DE3F14847524FD3 /* PNMessagingChannel.h */,
				B56A4C314FAC57F26EFE4960 /* PNNetworkHelper.h */,
				B56A40B5FFAA048616EB6888 /* PNNotifications.h */,
				B56A477A5E38D5E1267BE4F5 /* PNObservationCenter.h */,
				B56A470A4012DEA217B674B0 /* PNObservationCenter+Protected.h */,
				B56A4164406326789DD8090A /* PNOperationStatus.h */,
				B56A4E15D6BD519D06176A37 /* PNOperationStatus+Protected.h */,
				B56A4C6B31155B60152F5A28 /* PNPrivateImports.h */,
				B56A4B2DF99869AA3ADC9339 /* PNPrivateMacro.h */,
				B56A4B474788EC16DB9F5DAF /* PNReachability.h */,
				B56A4B034BBC017D1445F792 /* PNRequestsImport.h */,
				B56A461EB26CF7C33F792BF6 /* PNRequestsQueue.h */,
				B56A43E6821D796C690292DD /* PNResponse.h */,
				B56A4CD6B71023AFFB69CDF4 /* PNServiceChannel.h */,
				B56A4172AC9D1F370D285D99 /* PNServiceResponseCallbacks.h */,
				B56A49A35CD0A95BF7CDEB3C /* PNStructures.h */,
				B56A4EB48ED3950343EC3997 /* PubNub.h */,
				B56A4CC6FC934C302F44B859 /* PubNub+Protected.h */,
				B56A4A99850535A5DC5255D0 /* Buffers */,
				B56A4D37538701AB238B3D7A /* Categories */,
				B56A4315CE892F5C36DB98A1 /* Channels */,
				B56A48456C2D3EE71562F085 /* Crypto */,
				B56A4986FD1EF3180B251C5A /* Packets */,
				B56A450257DDA7527DAD768E /* Parsers */,
				B56A4A6A2B7D34B058374D64 /* Protocols */,
				B56A42355E1F4F2E805C367F /* Transport */,
				B56A4EEB8A5880FEA2044041 /* PNChannelEvents.m */,
				B56A4A740480C75DBA56050D /* PNConfiguration.m */,
				B56A4D335EC70EABEB4A8A4D /* PNDate.m */,
				B56A4E2FC6FC96ABBEC0B90C /* PNError.m */,
				B56A45A99BA6E8E5F4DD0ED7 /* PNHereNow.m */,
				B56A4F9CC34A35E608D760EB /* PNJSONSerialization.m */,
				B56A46381871E645DDEE8B34 /* PNMessage.m */,
				B56A4F624EA96B92944112D2 /* PNMessagesHistory.m */,
				B56A48147A983AA4BAA7BEBA /* PNMessagingChannel.m */,
				B56A405F15DB6E2882530BC3 /* PNNetworkHelper.m */,
				B56A45719FD0610DC669BFD9 /* PNObservationCenter.m */,
				B56A49CDC4902625DB6CF4F2 /* PNOperationStatus.m */,
				B56A42E49C332CE57DAA5152 /* PNReachability.m */,
				B56A42706BB5949225FB464C /* PNRequestsQueue.m */,
				B56A46EE3AEC4A175CEA464E /* PNResponse.m */,
				B56A4BBDC50B23347123BEDC /* PNServiceChannel.m */,
				B56A428A43A65E5F1E4206FE /* PubNub.m */,
			);
			path = libs;
			sourceTree = "<group>";
		};
		962FA20A17BF531300141E23 /* JSONKit */ = {
			isa = PBXGroup;
			children = (
				962FA20B17BF531300141E23 /* JSON.h */,
				962FA20C17BF531300141E23 /* JSON.m */,
				962FA20D17BF531300141E23 /* JSONKit.h */,
				962FA20E17BF531300141E23 /* JSONKit.m */,
			);
			path = JSONKit;
			sourceTree = "<group>";
		};
		A77D83221703BB090049BFA1 = {
			isa = PBXGroup;
			children = (
				A77D840E1703BDD80049BFA1 /* CFNetwork.framework */,
				A77D840F1703BDD80049BFA1 /* CoreFoundation.framework */,
				A77D84101703BDD80049BFA1 /* libz.dylib */,
				A77D84111703BDD80049BFA1 /* SystemConfiguration.framework */,
				A77D83341703BB090049BFA1 /* PubNubDemo */,
				A77D832D1703BB090049BFA1 /* Frameworks */,
				A77D832C1703BB090049BFA1 /* Products */,
			);
			sourceTree = "<group>";
		};
		A77D832C1703BB090049BFA1 /* Products */ = {
			isa = PBXGroup;
			children = (
				A77D832B1703BB090049BFA1 /* SimplePublish.app */,
			);
			name = Products;
			sourceTree = "<group>";
		};
		A77D832D1703BB090049BFA1 /* Frameworks */ = {
			isa = PBXGroup;
			children = (
				A77D832E1703BB090049BFA1 /* UIKit.framework */,
				A77D83301703BB090049BFA1 /* Foundation.framework */,
				A77D83321703BB090049BFA1 /* CoreGraphics.framework */,
			);
			name = Frameworks;
			sourceTree = "<group>";
		};
		A77D83341703BB090049BFA1 /* PubNubDemo */ = {
			isa = PBXGroup;
			children = (
				962FA20917BF531300141E23 /* libs */,
				A77D833D1703BB090049BFA1 /* AppDelegate.h */,
				A77D833E1703BB090049BFA1 /* AppDelegate.m */,
				A77D83461703BB090049BFA1 /* ViewController.h */,
				A77D83471703BB090049BFA1 /* ViewController.m */,
				A77D83491703BB090049BFA1 /* ViewController.xib */,
				A77D83351703BB090049BFA1 /* Supporting Files */,
			);
			path = PubNubDemo;
			sourceTree = "<group>";
		};
		A77D83351703BB090049BFA1 /* Supporting Files */ = {
			isa = PBXGroup;
			children = (
				A77D83361703BB090049BFA1 /* SimplePublish-Info.plist */,
				A77D83371703BB090049BFA1 /* InfoPlist.strings */,
				A77D833A1703BB090049BFA1 /* main.m */,
				A77D833C1703BB090049BFA1 /* SimplePublish-Prefix.pch */,
				A77D83401703BB090049BFA1 /* Default.png */,
				A77D83421703BB090049BFA1 /* Default@2x.png */,
				A77D83441703BB090049BFA1 /* Default-568h@2x.png */,
			);
			name = "Supporting Files";
			sourceTree = "<group>";
		};
		B56A42355E1F4F2E805C367F /* Transport */ = {
			isa = PBXGroup;
			children = (
				B56A4136775D5FF8F8CD9BD4 /* PNConnection.h */,
				B56A47CF23C12DCAEAD280EE /* PNConnection.m */,
				B56A4C39C0EA490C8CA3483C /* PNConnectionChannel.h */,
				B56A4612975F43A47CB86F55 /* PNConnectionChannel.m */,
				B56A4126F896A8B315C0C172 /* PNConnection+Protected.h */,
				B56A4730C44208B9805AA6C0 /* PNConnectionChannel+Protected.h */,
			);
			path = Transport;
			sourceTree = "<group>";
		};
		B56A4315CE892F5C36DB98A1 /* Channels */ = {
			isa = PBXGroup;
			children = (
				B56A4F1345BD2DD55EEC4DF3 /* Presence */,
				B56A4A07EAFBBFD7A444D829 /* PNChannel.h */,
				B56A47949D0812BF940D9FAF /* PNChannel.m */,
				B56A4AEDD786A250AF43CAFE /* PNChannel+Protected.h */,
			);
			path = Channels;
			sourceTree = "<group>";
		};
		B56A450257DDA7527DAD768E /* Parsers */ = {
			isa = PBXGroup;
			children = (
				B56A4FD34F5EF048F7C3E14E /* PNResponseParser.h */,
				B56A495B5C1C66FBE2F1E0EB /* PNResponseParser.m */,
				B56A4568148C890C9CFEBE8A /* PNErrorResponseParser.h */,
				B56A4D900020720FD85D6792 /* PNErrorResponseParser.m */,
				B56A48A869F5B5557460B211 /* PNResponseDeserialize.h */,
				B56A4941285DAB198C10644E /* PNResponseDeserialize.m */,
				B56A4F6E4C2B7D2B21CF084E /* PNActionResponseParser.h */,
				B56A42B58CE5D95FEC84EDCA /* PNActionResponseParser.m */,
				B56A4C2580762DB5016513E6 /* PNChannelHistoryParser.h */,
				B56A40A355726EFE72BE57C8 /* PNChannelHistoryParser.m */,
				B56A4D2309C24C725D7D2971 /* PNHereNowResponseParser.h */,
				B56A45BE32EE49D1FA92F231 /* PNHereNowResponseParser.m */,
				B56A4A34D4F14374F85C104B /* PNTimeTokenResponseParser.h */,
				B56A488908E1438CD49CC2B0 /* PNTimeTokenResponseParser.m */,
				B56A4476583CC58C94F68551 /* PNChannelEventsResponseParser.h */,
				B56A4B9F5AD5784197F433C5 /* PNChannelEventsResponseParser.m */,
				B56A4474C374E04579302CD2 /* PNErrorResponseParser+Protected.h */,
				B56A4460BD4D72C98FBB48F4 /* PNOperationStatusResponseParser.h */,
				B56A43853A4927792A747D0C /* PNOperationStatusResponseParser.m */,
				B56A4895A2CCC6F2A21DA5CE /* PNActionResponseParser+Protected.h */,
				B56A4B347154263DA9D3CB42 /* PNHereNowResponseParser+Protected.h */,
				B56A4E68A5B3A7AB52F2C2BE /* PNPushNotificationsEnabledChannelsParser.h */,
				B56A48E7D42F1E1622000196 /* PNPushNotificationsEnabledChannelsParser.m */,
			);
			path = Parsers;
			sourceTree = "<group>";
		};
		B56A48456C2D3EE71562F085 /* Crypto */ = {
			isa = PBXGroup;
			children = (
				B56A414AD6D30F4A97AFC27B /* PNCryptoHelper.h */,
				B56A48BBEE9AA6CB84C535A4 /* PNCryptoHelper.m */,
			);
			path = Crypto;
			sourceTree = "<group>";
		};
		B56A4986FD1EF3180B251C5A /* Packets */ = {
			isa = PBXGroup;
			children = (
				B56A487D0794699F0EC77733 /* PNBaseRequest.h */,
				B56A45745BBB250AB005ABE4 /* PNBaseRequest.m */,
				B56A45D8C8736C02B1A585C9 /* PNLeaveRequest.h */,
				B56A462558122B9479CE8532 /* PNLeaveRequest.m */,
				B56A455586C632A10E7C0067 /* PNHereNowRequest.h */,
				B56A403BEAE38B665CFD7AF6 /* PNHereNowRequest.m */,
				B56A4D0AAF8005DA8EF66366 /* PNSubscribeRequest.h */,
				B56A4C7230C94B5103FB3EE8 /* PNSubscribeRequest.m */,
				B56A4C8DE22235A733E2C73D /* PNTimeTokenRequest.h */,
				B56A4515952BADFCB1C4E9D5 /* PNTimeTokenRequest.m */,
				B56A46857FD91CE5F227D0FF /* PNMessagePostRequest.h */,
				B56A4AEA3BE8ABA2E5E15CCF /* PNMessagePostRequest.m */,
				B56A4E5DD1226751AA29B9ED /* PNBaseRequest+Protected.h */,
				B56A4EEB5E54C4D5D5FF81D8 /* PNLatencyMeasureRequest.h */,
				B56A45F128235FD4CC6666E7 /* PNLatencyMeasureRequest.m */,
				B56A41A7F8C4814A862D28EA /* PNMessageHistoryRequest.h */,
				B56A4FA7D40A964A9C458D06 /* PNMessageHistoryRequest.m */,
				B56A4B0DEB5C98043CF10601 /* PNLeaveRequest+Protected.h */,
				B56A48A1723CED574D1A0964 /* PNHereNowRequest+Protected.h */,
				B56A4FAC220B6D9FC1F38708 /* PNSubscribeRequest+Protected.h */,
				B56A40FB76BAC5A33D82D919 /* PNMessagePostRequest+Protected.h */,
				B56A4EF617B2CEB42A5E0152 /* PNPushNotificationsRemoveRequest.h */,
				B56A435E6FB9D973BF6ECF8E /* PNPushNotificationsRemoveRequest.m */,
				B56A4654D3986D173C30D083 /* PNMessageHistoryRequest+Protected.h */,
				B56A485E7399BEE80A3EFB5E /* PNPushNotificationsStateChangeRequest.h */,
				B56A4E5EBE8110A113B8FBAF /* PNPushNotificationsStateChangeRequest.m */,
				B56A4199698B0EAA5EE9B4ED /* PNPushNotificationsEnabledChannelsRequest.h */,
				B56A4365BBB541755461AA06 /* PNPushNotificationsEnabledChannelsRequest.m */,
			);
			path = Packets;
			sourceTree = "<group>";
		};
		B56A4A6A2B7D34B058374D64 /* Protocols */ = {
			isa = PBXGroup;
			children = (
				B56A40DA284B4EC0694402CD /* PNDelegate.h */,
				B56A4DFE7E85A8A1B17D0313 /* PNResponseProtocol.h */,
				B56A47497D6A5A4E81AF3300 /* PNConnectionDelegate.h */,
				B56A4E51C3A1E4E181D10AC4 /* PNRequestsQueueDelegate.h */,
				B56A449681480ADF653528E6 /* PNMessageChannelDelegate.h */,
				B56A4EF639CA01EDC6788628 /* PNServiceChannelDelegate.h */,
				B56A4C613FF4638D7C27EC9B /* PNConnectionChannelDelegate.h */,
			);
			path = Protocols;
			sourceTree = "<group>";
		};
		B56A4A99850535A5DC5255D0 /* Buffers */ = {
			isa = PBXGroup;
			children = (
				B56A49A8374360DE67A175DF /* PNWriteBuffer.h */,
				B56A414E78540B4449CB1DEC /* PNWriteBuffer.m */,
			);
			path = Buffers;
			sourceTree = "<group>";
		};
		B56A4D37538701AB238B3D7A /* Categories */ = {
			isa = PBXGroup;
			children = (
				B56A4580B85C54E7E04F48E2 /* NSData+PNAdditions.h */,
				B56A438B4233502DC34D92E1 /* NSData+PNAdditions.m */,
				B56A400AF57759D526E2EC9E /* NSDate+PNAdditions.h */,
				B56A455150C8D37FD4DA81E0 /* NSDate+PNAdditions.m */,
				B56A4DAAE71D15397DA6D373 /* NSArray+PNAdditions.h */,
				B56A45B2FE05044F6D52A0E3 /* NSArray+PNAdditions.m */,
				B56A4AC1FE34DF2992BBDC1B /* NSString+PNAddition.h */,
				B56A4A28130E3CBDADFBFD84 /* NSString+PNAddition.m */,
				B56A4004B5E12585580C279E /* NSInvocation+PNAdditions.h */,
				B56A4A0E56F1399866DE6B1C /* NSInvocation+PNAdditions.m */,
				B56A4F318DFF66410FD8158E /* UIApplication+PNAdditions.h */,
				B56A49D348CEE2FB8A0C24F8 /* UIApplication+PNAdditions.m */,
				B56A416CF14D32CF972123E0 /* NSMutableArray+PNAdditions.h */,
				B56A447EFBFC2E84693CE72D /* NSMutableArray+PNAdditions.m */,
			);
			path = Categories;
			sourceTree = "<group>";
		};
		B56A4F1345BD2DD55EEC4DF3 /* Presence */ = {
			isa = PBXGroup;
			children = (
				B56A4900729821E48C2DB46E /* PNPresenceEvent.h */,
				B56A4EA15837ABBE646A3E80 /* PNPresenceEvent.m */,
				B56A4234F7933CD2CD94965B /* PNChannelPresence.h */,
				B56A4D4D81F06F8541F5378E /* PNChannelPresence.m */,
				B56A44473D5C695FD24797B7 /* PNPresenceEvent+Protected.h */,
				B56A4254ACCDB41AF6541B6A /* PNChannelPresence+Protected.h */,
			);
			path = Presence;
			sourceTree = "<group>";
		};
/* End PBXGroup section */

/* Begin PBXNativeTarget section */
		A77D832A1703BB090049BFA1 /* SimplePublish */ = {
			isa = PBXNativeTarget;
			buildConfigurationList = A77D834E1703BB090049BFA1 /* Build configuration list for PBXNativeTarget "SimplePublish" */;
			buildPhases = (
				A77D83271703BB090049BFA1 /* Sources */,
				A77D83281703BB090049BFA1 /* Frameworks */,
				A77D83291703BB090049BFA1 /* Resources */,
			);
			buildRules = (
			);
			dependencies = (
			);
			name = SimplePublish;
			productName = PubNubDemo;
			productReference = A77D832B1703BB090049BFA1 /* SimplePublish.app */;
			productType = "com.apple.product-type.application";
		};
/* End PBXNativeTarget section */

/* Begin PBXProject section */
		A77D83231703BB090049BFA1 /* Project object */ = {
			isa = PBXProject;
			attributes = {
				LastUpgradeCheck = 0460;
				ORGANIZATIONNAME = "geremy cohen";
			};
			buildConfigurationList = A77D83261703BB090049BFA1 /* Build configuration list for PBXProject "SimplePublish" */;
			compatibilityVersion = "Xcode 3.2";
			developmentRegion = English;
			hasScannedForEncodings = 0;
			knownRegions = (
				en,
			);
			mainGroup = A77D83221703BB090049BFA1;
			productRefGroup = A77D832C1703BB090049BFA1 /* Products */;
			projectDirPath = "";
			projectRoot = "";
			targets = (
				A77D832A1703BB090049BFA1 /* SimplePublish */,
			);
		};
/* End PBXProject section */

/* Begin PBXResourcesBuildPhase section */
		A77D83291703BB090049BFA1 /* Resources */ = {
			isa = PBXResourcesBuildPhase;
			buildActionMask = 2147483647;
			files = (
				A77D83391703BB090049BFA1 /* InfoPlist.strings in Resources */,
				A77D83411703BB090049BFA1 /* Default.png in Resources */,
				A77D83431703BB090049BFA1 /* Default@2x.png in Resources */,
				A77D83451703BB090049BFA1 /* Default-568h@2x.png in Resources */,
				A77D834B1703BB090049BFA1 /* ViewController.xib in Resources */,
			);
			runOnlyForDeploymentPostprocessing = 0;
		};
/* End PBXResourcesBuildPhase section */

/* Begin PBXSourcesBuildPhase section */
		A77D83271703BB090049BFA1 /* Sources */ = {
			isa = PBXSourcesBuildPhase;
			buildActionMask = 2147483647;
			files = (
				A77D833B1703BB090049BFA1 /* main.m in Sources */,
				A77D833F1703BB090049BFA1 /* AppDelegate.m in Sources */,
				A77D83481703BB090049BFA1 /* ViewController.m in Sources */,
				962FA2AC17BF531300141E23 /* JSON.m in Sources */,
				962FA2AD17BF531300141E23 /* JSONKit.m in Sources */,
				B56A4F77E4FEDB892414B4BE /* PNWriteBuffer.m in Sources */,
				B56A45E974B2AE179B0A4EE2 /* NSData+PNAdditions.m in Sources */,
				B56A4711E20962B807F3DA33 /* NSDate+PNAdditions.m in Sources */,
				B56A4465F51968AE67710247 /* NSArray+PNAdditions.m in Sources */,
				B56A463F5089FB5A8CDE58DF /* NSString+PNAddition.m in Sources */,
				B56A45F9E59027255713B909 /* NSInvocation+PNAdditions.m in Sources */,
				B56A4EEB349FF792860F5104 /* UIApplication+PNAdditions.m in Sources */,
				B56A40428980EB15ACECCBE2 /* NSMutableArray+PNAdditions.m in Sources */,
				B56A493ABC99052E3736026A /* PNPresenceEvent.m in Sources */,
				B56A489967308B9BD7355E08 /* PNChannelPresence.m in Sources */,
				B56A4B7137CB99F95E83439B /* PNChannel.m in Sources */,
				B56A4546DD9E8E04438A91C7 /* PNCryptoHelper.m in Sources */,
				B56A43851B25300FF7672EFB /* PNBaseRequest.m in Sources */,
				B56A461AFC625943AD3B98C4 /* PNLeaveRequest.m in Sources */,
				B56A4AB1A56DABE2A64A58C1 /* PNHereNowRequest.m in Sources */,
				B56A4E763DA441115AAF7611 /* PNSubscribeRequest.m in Sources */,
				B56A43186B2AE48D3ADF44B7 /* PNTimeTokenRequest.m in Sources */,
				B56A4E59932D25A71B352B62 /* PNMessagePostRequest.m in Sources */,
				B56A42353AE98A46E8ECE97E /* PNLatencyMeasureRequest.m in Sources */,
				B56A47DD576DA47C5AFBCC68 /* PNMessageHistoryRequest.m in Sources */,
				B56A4C5FFE97D26DBF9F4136 /* PNPushNotificationsRemoveRequest.m in Sources */,
				B56A45851336D74C060C2AE3 /* PNPushNotificationsStateChangeRequest.m in Sources */,
				B56A479A09AA7B51BB867997 /* PNPushNotificationsEnabledChannelsRequest.m in Sources */,
				B56A472CC92273164F4556B5 /* PNResponseParser.m in Sources */,
				B56A4E0E911D73888296588A /* PNErrorResponseParser.m in Sources */,
				B56A438088FA3B178770986C /* PNResponseDeserialize.m in Sources */,
				B56A4C17670BE2BBB5F14C34 /* PNActionResponseParser.m in Sources */,
				B56A4DE6EF7CE1E5CAE31A5B /* PNChannelHistoryParser.m in Sources */,
				B56A47290023328930598A52 /* PNHereNowResponseParser.m in Sources */,
				B56A49B2C9255F2D835B789F /* PNTimeTokenResponseParser.m in Sources */,
				B56A41CFB6919B44074C9A78 /* PNChannelEventsResponseParser.m in Sources */,
				B56A4693AB62F9EB865E772C /* PNOperationStatusResponseParser.m in Sources */,
				B56A461E7D680060B5CEB629 /* PNPushNotificationsEnabledChannelsParser.m in Sources */,
				B56A4B484EFCC9B6FBDC3CED /* PNConnection.m in Sources */,
				B56A43B11BC8B19D1A8563B4 /* PNConnectionChannel.m in Sources */,
				B56A4C7357D59FFA5F3E123D /* PNChannelEvents.m in Sources */,
				B56A414AEBB7503EE8312EFA /* PNConfiguration.m in Sources */,
				B56A450062D15CA9032A4D56 /* PNDate.m in Sources */,
				B56A40B07200793961EA8F3B /* PNError.m in Sources */,
				B56A4359C069D0A5DB7A2476 /* PNHereNow.m in Sources */,
				B56A45869A1A5A2F0BB37DAF /* PNJSONSerialization.m in Sources */,
				B56A4F27324609DBFB8B4DA2 /* PNMessage.m in Sources */,
				B56A4656DA3A3D96B60B616E /* PNMessagesHistory.m in Sources */,
				B56A4B4809AF876452C528E4 /* PNMessagingChannel.m in Sources */,
				B56A4EE0370742797922A23E /* PNNetworkHelper.m in Sources */,
				B56A4442B4A9B82043A9E79B /* PNObservationCenter.m in Sources */,
				B56A40598EF7CF22E8D93852 /* PNOperationStatus.m in Sources */,
				B56A4E30AFA8F2A7B986FA21 /* PNReachability.m in Sources */,
				B56A428F56830867C223FB58 /* PNRequestsQueue.m in Sources */,
				B56A45F38BAB3D9EAA30490D /* PNResponse.m in Sources */,
				B56A4AAC49B1DD146939E1E5 /* PNServiceChannel.m in Sources */,
				B56A4409AFC3D39FD15F8E09 /* PubNub.m in Sources */,
			);
			runOnlyForDeploymentPostprocessing = 0;
		};
/* End PBXSourcesBuildPhase section */

/* Begin PBXVariantGroup section */
		A77D83371703BB090049BFA1 /* InfoPlist.strings */ = {
			isa = PBXVariantGroup;
			children = (
				A77D83381703BB090049BFA1 /* en */,
			);
			name = InfoPlist.strings;
			sourceTree = "<group>";
		};
		A77D83491703BB090049BFA1 /* ViewController.xib */ = {
			isa = PBXVariantGroup;
			children = (
				A77D834A1703BB090049BFA1 /* en */,
			);
			name = ViewController.xib;
			sourceTree = "<group>";
		};
/* End PBXVariantGroup section */

/* Begin XCBuildConfiguration section */
		A77D834C1703BB090049BFA1 /* Debug */ = {
			isa = XCBuildConfiguration;
			buildSettings = {
				ALWAYS_SEARCH_USER_PATHS = NO;
				CLANG_CXX_LANGUAGE_STANDARD = "gnu++0x";
				CLANG_CXX_LIBRARY = "libc++";
				CLANG_ENABLE_OBJC_ARC = YES;
				CLANG_WARN_CONSTANT_CONVERSION = YES;
				CLANG_WARN_EMPTY_BODY = YES;
				CLANG_WARN_ENUM_CONVERSION = YES;
				CLANG_WARN_INT_CONVERSION = YES;
				CLANG_WARN__DUPLICATE_METHOD_MATCH = YES;
				"CODE_SIGN_IDENTITY[sdk=iphoneos*]" = "iPhone Developer";
				COPY_PHASE_STRIP = NO;
				GCC_C_LANGUAGE_STANDARD = gnu99;
				GCC_DYNAMIC_NO_PIC = NO;
				GCC_OPTIMIZATION_LEVEL = 0;
				GCC_PREPROCESSOR_DEFINITIONS = (
					"DEBUG=1",
					"$(inherited)",
				);
				GCC_SYMBOLS_PRIVATE_EXTERN = NO;
				GCC_WARN_ABOUT_RETURN_TYPE = YES;
				GCC_WARN_UNINITIALIZED_AUTOS = YES;
				GCC_WARN_UNUSED_VARIABLE = YES;
				IPHONEOS_DEPLOYMENT_TARGET = 6.1;
				ONLY_ACTIVE_ARCH = YES;
				SDKROOT = iphoneos;
			};
			name = Debug;
		};
		A77D834D1703BB090049BFA1 /* Release */ = {
			isa = XCBuildConfiguration;
			buildSettings = {
				ALWAYS_SEARCH_USER_PATHS = NO;
				CLANG_CXX_LANGUAGE_STANDARD = "gnu++0x";
				CLANG_CXX_LIBRARY = "libc++";
				CLANG_ENABLE_OBJC_ARC = YES;
				CLANG_WARN_CONSTANT_CONVERSION = YES;
				CLANG_WARN_EMPTY_BODY = YES;
				CLANG_WARN_ENUM_CONVERSION = YES;
				CLANG_WARN_INT_CONVERSION = YES;
				CLANG_WARN__DUPLICATE_METHOD_MATCH = YES;
				"CODE_SIGN_IDENTITY[sdk=iphoneos*]" = "iPhone Developer";
				COPY_PHASE_STRIP = YES;
				GCC_C_LANGUAGE_STANDARD = gnu99;
				GCC_WARN_ABOUT_RETURN_TYPE = YES;
				GCC_WARN_UNINITIALIZED_AUTOS = YES;
				GCC_WARN_UNUSED_VARIABLE = YES;
				IPHONEOS_DEPLOYMENT_TARGET = 6.1;
				OTHER_CFLAGS = "-DNS_BLOCK_ASSERTIONS=1";
				SDKROOT = iphoneos;
				VALIDATE_PRODUCT = YES;
			};
			name = Release;
		};
		A77D834F1703BB090049BFA1 /* Debug */ = {
			isa = XCBuildConfiguration;
			buildSettings = {
				GCC_PRECOMPILE_PREFIX_HEADER = YES;
				GCC_PREFIX_HEADER = "PubNubDemo/SimplePublish-Prefix.pch";
				INFOPLIST_FILE = "PubNubDemo/SimplePublish-Info.plist";
				IPHONEOS_DEPLOYMENT_TARGET = 6.1;
				PRODUCT_NAME = SimplePublish;
				TARGETED_DEVICE_FAMILY = "1,2";
				WRAPPER_EXTENSION = app;
			};
			name = Debug;
		};
		A77D83501703BB090049BFA1 /* Release */ = {
			isa = XCBuildConfiguration;
			buildSettings = {
				GCC_PRECOMPILE_PREFIX_HEADER = YES;
				GCC_PREFIX_HEADER = "PubNubDemo/SimplePublish-Prefix.pch";
				INFOPLIST_FILE = "PubNubDemo/SimplePublish-Info.plist";
				IPHONEOS_DEPLOYMENT_TARGET = 6.1;
				PRODUCT_NAME = SimplePublish;
				TARGETED_DEVICE_FAMILY = "1,2";
				WRAPPER_EXTENSION = app;
			};
			name = Release;
		};
/* End XCBuildConfiguration section */

/* Begin XCConfigurationList section */
		A77D83261703BB090049BFA1 /* Build configuration list for PBXProject "SimplePublish" */ = {
			isa = XCConfigurationList;
			buildConfigurations = (
				A77D834C1703BB090049BFA1 /* Debug */,
				A77D834D1703BB090049BFA1 /* Release */,
			);
			defaultConfigurationIsVisible = 0;
			defaultConfigurationName = Release;
		};
		A77D834E1703BB090049BFA1 /* Build configuration list for PBXNativeTarget "SimplePublish" */ = {
			isa = XCConfigurationList;
			buildConfigurations = (
				A77D834F1703BB090049BFA1 /* Debug */,
				A77D83501703BB090049BFA1 /* Release */,
			);
			defaultConfigurationIsVisible = 0;
			defaultConfigurationName = Release;
		};
/* End XCConfigurationList section */
	};
	rootObject = A77D83231703BB090049BFA1 /* Project object */;
}
